
Microsoft Visual Studio Solution File, Format Version 12.00
# Visual Studio 15
VisualStudioVersion = 15.0.27004.2009
MinimumVisualStudioVersion = 10.0.40219.1
Project("{FAE04EC0-301F-11D3-BF4B-00C04F79EFBC}") = "EwsExchangeHelper", "EwsExchangeHelper\EwsExchangeHelper.csproj", "{CFF57FDF-76D2-4044-841E-1BEAE8260E7D}"
EndProject
Global
	GlobalSection(SolutionConfigurationPlatforms) = preSolution
		Debug|Any CPU = Debug|Any CPU
		Release|Any CPU = Release|Any CPU
	EndGlobalSection
	GlobalSection(ProjectConfigurationPlatforms) = postSolution
		{CFF57FDF-76D2-4044-841E-1BEAE8260E7D}.Debug|Any CPU.ActiveCfg = Debug|Any CPU
		{CFF57FDF-76D2-4044-841E-1BEAE8260E7D}.Debug|Any CPU.Build.0 = Debug|Any CPU
		{CFF57FDF-76D2-4044-841E-1BEAE8260E7D}.Release|Any CPU.ActiveCfg = Release|Any CPU
		{CFF57FDF-76D2-4044-841E-1BEAE8260E7D}.Release|Any CPU.Build.0 = Release|Any CPU
	EndGlobalSection
	GlobalSection(SolutionProperties) = preSolution
		HideSolutionNode = FALSE
	EndGlobalSection
	GlobalSection(ExtensibilityGlobals) = postSolution
		SolutionGuid = {3F6F8816-FDC5-40CD-B989-C284C425C0ED}
	EndGlobalSection
EndGlobal
